
Microsoft Visual Studio Solution File, Format Version 11.00
# Visual C++ Express 2010
Project("{8BC9CEB8-8B4A-11D0-8D11-00A0C91BC942}") = "vvaseGUI", "vvaseGUI.vcxproj", "{D3B21E89-DD3A-4071-A3D9-20A11D3DE193}"
	ProjectSection(ProjectDependencies) = postProject
		{EE1A01F9-26AF-4C43-A507-195A1E5FB45A} = {EE1A01F9-26AF-4C43-A507-195A1E5FB45A}
	EndProjectSection
EndProject
Project("{8BC9CEB8-8B4A-11D0-8D11-00A0C91BC942}") = "vvaseCore", "vvaseCore.vcxproj", "{EE1A01F9-26AF-4C43-A507-195A1E5FB45A}"
EndProject
Global
	GlobalSection(SolutionConfigurationPlatforms) = preSolution
		Debug|Win32 = Debug|Win32
		Release|Win32 = Release|Win32
	EndGlobalSection
	GlobalSection(ProjectConfigurationPlatforms) = postSolution
		{D3B21E89-DD3A-4071-A3D9-20A11D3DE193}.Debug|Win32.ActiveCfg = Debug|Win32
		{D3B21E89-DD3A-4071-A3D9-20A11D3DE193}.Debug|Win32.Build.0 = Debug|Win32
		{D3B21E89-DD3A-4071-A3D9-20A11D3DE193}.Release|Win32.ActiveCfg = Release|Win32
		{D3B21E89-DD3A-4071-A3D9-20A11D3DE193}.Release|Win32.Build.0 = Release|Win32
		{EE1A01F9-26AF-4C43-A507-195A1E5FB45A}.Debug|Win32.ActiveCfg = Debug|Win32
		{EE1A01F9-26AF-4C43-A507-195A1E5FB45A}.Debug|Win32.Build.0 = Debug|Win32
		{EE1A01F9-26AF-4C43-A507-195A1E5FB45A}.Release|Win32.ActiveCfg = Release|Win32
		{EE1A01F9-26AF-4C43-A507-195A1E5FB45A}.Release|Win32.Build.0 = Release|Win32
	EndGlobalSection
	GlobalSection(SolutionProperties) = preSolution
		HideSolutionNode = FALSE
	EndGlobalSection
EndGlobal
