<?xml version="1.0" encoding="utf-8"?>
<Project ToolsVersion="4.0" xmlns="http://schemas.microsoft.com/developer/msbuild/2003">
  <ItemGroup>
    <Filter Include="Source Files">
      <UniqueIdentifier>{4FC737F1-C7A5-4376-A066-2A32D752A2FF}</UniqueIdentifier>
      <Extensions>cpp;c;cc;cxx;def;odl;idl;hpj;bat;asm;asmx</Extensions>
    </Filter>
    <Filter Include="Header Files">
      <UniqueIdentifier>{93995380-89BD-4b04-88EB-625FBE52EBFB}</UniqueIdentifier>
      <Extensions>h;hpp;hxx;hm;inl;inc;xsd</Extensions>
    </Filter>
    <Filter Include="Resource Files">
      <UniqueIdentifier>{67DA6AB6-F800-4c08-8B7A-83BB121AAD01}</UniqueIdentifier>
      <Extensions>rc;ico;cur;bmp;dlg;rc2;rct;bin;rgs;gif;jpg;jpeg;jpe;resx;tiff;tif;png;wav</Extensions>
    </Filter>
  </ItemGroup>
  <ItemGroup>
    <ResourceCompile Include="CarDesigner\res\CarDesigner.rc">
      <Filter>Resource Files</Filter>
    </ResourceCompile>
  </ItemGroup>
  <ItemGroup>
    <ClInclude Include="CarDesigner\include\application\vvaseConstants.h">
      <Filter>Header Files</Filter>
    </ClInclude>
    <ClInclude Include="CarDesigner\include\application\vvaseApplication.h">
      <Filter>Header Files</Filter>
    </ClInclude>
    <ClInclude Include="CarDesigner\include\environment\track.h">
      <Filter>Header Files</Filter>
    </ClInclude>
    <ClInclude Include="CarDesigner\include\environment\atmosphere.h">
      <Filter>Header Files</Filter>
    </ClInclude>
    <ClInclude Include="CarDesigner\include\gui\undoRedoStack.h">
      <Filter>Header Files</Filter>
    </ClInclude>
    <ClInclude Include="CarDesigner\include\gui\appearanceOptions.h">
      <Filter>Header Files</Filter>
    </ClInclude>
    <ClInclude Include="CarDesigner\include\gui\dropTarget.h">
      <Filter>Header Files</Filter>
    </ClInclude>
    <ClInclude Include="CarDesigner\include\gui\gaObject.h">
      <Filter>Header Files</Filter>
    </ClInclude>
    <ClInclude Include="CarDesigner\include\gui\geneticAlgorithmPanel.h">
      <Filter>Header Files</Filter>
    </ClInclude>
    <ClInclude Include="CarDesigner\include\gui\geneticOptimization.h">
      <Filter>Header Files</Filter>
    </ClInclude>
    <ClInclude Include="CarDesigner\include\gui\guiCar.h">
      <Filter>Header Files</Filter>
    </ClInclude>
    <ClInclude Include="CarDesigner\include\gui\guiObject.h">
      <Filter>Header Files</Filter>
    </ClInclude>
    <ClInclude Include="CarDesigner\include\gui\ipcClient.h">
      <Filter>Header Files</Filter>
    </ClInclude>
    <ClInclude Include="CarDesigner\include\gui\ipcConnection.h">
      <Filter>Header Files</Filter>
    </ClInclude>
    <ClInclude Include="CarDesigner\include\gui\ipcServer.h">
      <Filter>Header Files</Filter>
    </ClInclude>
    <ClInclude Include="CarDesigner\include\gui\iteration.h">
      <Filter>Header Files</Filter>
    </ClInclude>
    <ClInclude Include="CarDesigner\include\gui\plotObject.h">
      <Filter>Header Files</Filter>
    </ClInclude>
    <ClInclude Include="CarDesigner\include\gui\plotPanel.h">
      <Filter>Header Files</Filter>
    </ClInclude>
    <ClInclude Include="CarDesigner\include\gui\components\outputPanel.h">
      <Filter>Header Files</Filter>
    </ClInclude>
    <ClInclude Include="CarDesigner\include\gui\components\mainFrame.h">
      <Filter>Header Files</Filter>
    </ClInclude>
    <ClInclude Include="CarDesigner\include\gui\components\mainNotebook.h">
      <Filter>Header Files</Filter>
    </ClInclude>
    <ClInclude Include="CarDesigner\include\gui\components\mainTree.h">
      <Filter>Header Files</Filter>
    </ClInclude>
    <ClInclude Include="CarDesigner\include\gui\components\editPanel\editPanel.h">
      <Filter>Header Files</Filter>
    </ClInclude>
    <ClInclude Include="CarDesigner\include\gui\components\editPanel\guiCar\editTiresPanel.h">
      <Filter>Header Files</Filter>
    </ClInclude>
    <ClInclude Include="CarDesigner\include\gui\components\editPanel\guiCar\editBrakesPanel.h">
      <Filter>Header Files</Filter>
    </ClInclude>
    <ClInclude Include="CarDesigner\include\gui\components\editPanel\guiCar\editCornerPanel.h">
      <Filter>Header Files</Filter>
    </ClInclude>
    <ClInclude Include="CarDesigner\include\gui\components\editPanel\guiCar\editDifferentialPanel.h">
      <Filter>Header Files</Filter>
    </ClInclude>
    <ClInclude Include="CarDesigner\include\gui\components\editPanel\guiCar\editDrivetrainPanel.h">
      <Filter>Header Files</Filter>
    </ClInclude>
    <ClInclude Include="CarDesigner\include\gui\components\editPanel\guiCar\editEnginePanel.h">
      <Filter>Header Files</Filter>
    </ClInclude>
    <ClInclude Include="CarDesigner\include\gui\components\editPanel\guiCar\editMassPanel.h">
      <Filter>Header Files</Filter>
    </ClInclude>
    <ClInclude Include="CarDesigner\include\gui\components\editPanel\guiCar\editSuspensionNotebook.h">
      <Filter>Header Files</Filter>
    </ClInclude>
    <ClInclude Include="CarDesigner\include\gui\components\editPanel\guiCar\editSuspensionPanel.h">
      <Filter>Header Files</Filter>
    </ClInclude>
    <ClInclude Include="CarDesigner\include\gui\components\editPanel\iteration\editIterationRangePanel.h">
      <Filter>Header Files</Filter>
    </ClInclude>
    <ClInclude Include="CarDesigner\include\gui\components\editPanel\iteration\editIterationNotebook.h">
      <Filter>Header Files</Filter>
    </ClInclude>
    <ClInclude Include="CarDesigner\include\gui\components\editPanel\iteration\editIterationOptionsPanel.h">
      <Filter>Header Files</Filter>
    </ClInclude>
    <ClInclude Include="CarDesigner\include\gui\components\editPanel\iteration\editIterationPlotsPanel.h">
      <Filter>Header Files</Filter>
    </ClInclude>
    <ClInclude Include="CarDesigner\include\gui\dialogs\rangeLimitsDialog.h">
      <Filter>Header Files</Filter>
    </ClInclude>
    <ClInclude Include="CarDesigner\include\gui\dialogs\appearanceOptionsDialog.h">
      <Filter>Header Files</Filter>
    </ClInclude>
    <ClInclude Include="CarDesigner\include\gui\dialogs\gaGeneDialog.h">
      <Filter>Header Files</Filter>
    </ClInclude>
    <ClInclude Include="CarDesigner\include\gui\dialogs\gaGoalDialog.h">
      <Filter>Header Files</Filter>
    </ClInclude>
    <ClInclude Include="CarDesigner\include\gui\dialogs\optionsDialog.h">
      <Filter>Header Files</Filter>
    </ClInclude>
    <ClInclude Include="CarDesigner\include\gui\renderer\plotRenderer.h">
      <Filter>Header Files</Filter>
    </ClInclude>
    <ClInclude Include="CarDesigner\include\gui\renderer\carRenderer.h">
      <Filter>Header Files</Filter>
    </ClInclude>
    <ClInclude Include="CarDesigner\include\gui\components\editPanel\guiCar\editAerodynamicsPanel.h">
      <Filter>Header Files</Filter>
    </ClInclude>
    <ClInclude Include="CarDesigner\include\gui\superGrid.h">
      <Filter>Header Files</Filter>
    </ClInclude>
    <ClInclude Include="CarDesigner\include\gui\dialogs\textInputDialog.h">
      <Filter>Header Files</Filter>
    </ClInclude>
    <ClInclude Include="CarDesigner\include\gui\components\editPanel\guiCar\editSuspensionRatesPanel.h">
      <Filter>Header Files</Filter>
    </ClInclude>
    <ClInclude Include="CarDesigner\include\gui\dialogs\vectorEditDialog.h">
      <Filter>Header Files</Filter>
    </ClInclude>
  </ItemGroup>
  <ItemGroup>
    <ClCompile Include="CarDesigner\src\application\vvaseApplication.cpp">
      <Filter>Source Files</Filter>
    </ClCompile>
    <ClCompile Include="CarDesigner\src\environment\track.cpp">
      <Filter>Source Files</Filter>
    </ClCompile>
    <ClCompile Include="CarDesigner\src\environment\atmosphere.cpp">
      <Filter>Source Files</Filter>
    </ClCompile>
    <ClCompile Include="CarDesigner\src\gui\undoRedoStack.cpp">
      <Filter>Source Files</Filter>
    </ClCompile>
    <ClCompile Include="CarDesigner\src\gui\appearanceOptions.cpp">
      <Filter>Source Files</Filter>
    </ClCompile>
    <ClCompile Include="CarDesigner\src\gui\dropTarget.cpp">
      <Filter>Source Files</Filter>
    </ClCompile>
    <ClCompile Include="CarDesigner\src\gui\gaObject.cpp">
      <Filter>Source Files</Filter>
    </ClCompile>
    <ClCompile Include="CarDesigner\src\gui\geneticAlgorithmPanel.cpp">
      <Filter>Source Files</Filter>
    </ClCompile>
    <ClCompile Include="CarDesigner\src\gui\geneticOptimization.cpp">
      <Filter>Source Files</Filter>
    </ClCompile>
    <ClCompile Include="CarDesigner\src\gui\guiCar.cpp">
      <Filter>Source Files</Filter>
    </ClCompile>
    <ClCompile Include="CarDesigner\src\gui\guiObject.cpp">
      <Filter>Source Files</Filter>
    </ClCompile>
    <ClCompile Include="CarDesigner\src\gui\ipcClient.cpp">
      <Filter>Source Files</Filter>
    </ClCompile>
    <ClCompile Include="CarDesigner\src\gui\ipcConnection.cpp">
      <Filter>Source Files</Filter>
    </ClCompile>
    <ClCompile Include="CarDesigner\src\gui\ipcServer.cpp">
      <Filter>Source Files</Filter>
    </ClCompile>
    <ClCompile Include="CarDesigner\src\gui\iteration.cpp">
      <Filter>Source Files</Filter>
    </ClCompile>
    <ClCompile Include="CarDesigner\src\gui\plotObject.cpp">
      <Filter>Source Files</Filter>
    </ClCompile>
    <ClCompile Include="CarDesigner\src\gui\plotPanel.cpp">
      <Filter>Source Files</Filter>
    </ClCompile>
    <ClCompile Include="CarDesigner\src\gui\components\outputPanel.cpp">
      <Filter>Source Files</Filter>
    </ClCompile>
    <ClCompile Include="CarDesigner\src\gui\components\mainFrame.cpp">
      <Filter>Source Files</Filter>
    </ClCompile>
    <ClCompile Include="CarDesigner\src\gui\components\mainNotebook.cpp">
      <Filter>Source Files</Filter>
    </ClCompile>
    <ClCompile Include="CarDesigner\src\gui\components\mainTree.cpp">
      <Filter>Source Files</Filter>
    </ClCompile>
    <ClCompile Include="CarDesigner\src\gui\components\editPanel\editPanel.cpp">
      <Filter>Source Files</Filter>
    </ClCompile>
    <ClCompile Include="CarDesigner\src\gui\components\editPanel\guiCar\editTiresPanel.cpp">
      <Filter>Source Files</Filter>
    </ClCompile>
    <ClCompile Include="CarDesigner\src\gui\components\editPanel\guiCar\editAerodynamicsPanel.cpp">
      <Filter>Source Files</Filter>
    </ClCompile>
    <ClCompile Include="CarDesigner\src\gui\components\editPanel\guiCar\editBrakesPanel.cpp">
      <Filter>Source Files</Filter>
    </ClCompile>
    <ClCompile Include="CarDesigner\src\gui\components\editPanel\guiCar\editCornerPanel.cpp">
      <Filter>Source Files</Filter>
    </ClCompile>
    <ClCompile Include="CarDesigner\src\gui\components\editPanel\guiCar\editDifferentialPanel.cpp">
      <Filter>Source Files</Filter>
    </ClCompile>
    <ClCompile Include="CarDesigner\src\gui\components\editPanel\guiCar\editDrivetrainPanel.cpp">
      <Filter>Source Files</Filter>
    </ClCompile>
    <ClCompile Include="CarDesigner\src\gui\components\editPanel\guiCar\editEnginePanel.cpp">
      <Filter>Source Files</Filter>
    </ClCompile>
    <ClCompile Include="CarDesigner\src\gui\components\editPanel\guiCar\editMassPanel.cpp">
      <Filter>Source Files</Filter>
    </ClCompile>
    <ClCompile Include="CarDesigner\src\gui\components\editPanel\guiCar\editSuspensionNotebook.cpp">
      <Filter>Source Files</Filter>
    </ClCompile>
    <ClCompile Include="CarDesigner\src\gui\components\editPanel\guiCar\editSuspensionPanel.cpp">
      <Filter>Source Files</Filter>
    </ClCompile>
    <ClCompile Include="CarDesigner\src\gui\components\editPanel\iteration\editIterationRangePanel.cpp">
      <Filter>Source Files</Filter>
    </ClCompile>
    <ClCompile Include="CarDesigner\src\gui\components\editPanel\iteration\editIterationNotebook.cpp">
      <Filter>Source Files</Filter>
    </ClCompile>
    <ClCompile Include="CarDesigner\src\gui\components\editPanel\iteration\editIterationOptionsPanel.cpp">
      <Filter>Source Files</Filter>
    </ClCompile>
    <ClCompile Include="CarDesigner\src\gui\components\editPanel\iteration\editIterationPlotsPanel.cpp">
      <Filter>Source Files</Filter>
    </ClCompile>
    <ClCompile Include="CarDesigner\src\gui\dialogs\rangeLimitsDialog.cpp">
      <Filter>Source Files</Filter>
    </ClCompile>
    <ClCompile Include="CarDesigner\src\gui\dialogs\appearanceOptionsDialog.cpp">
      <Filter>Source Files</Filter>
    </ClCompile>
    <ClCompile Include="CarDesigner\src\gui\dialogs\gaGeneDialog.cpp">
      <Filter>Source Files</Filter>
    </ClCompile>
    <ClCompile Include="CarDesigner\src\gui\dialogs\gaGoalDialog.cpp">
      <Filter>Source Files</Filter>
    </ClCompile>
    <ClCompile Include="CarDesigner\src\gui\dialogs\optionsDialog.cpp">
      <Filter>Source Files</Filter>
    </ClCompile>
    <ClCompile Include="CarDesigner\src\gui\renderer\plotRenderer.cpp">
      <Filter>Source Files</Filter>
    </ClCompile>
    <ClCompile Include="CarDesigner\src\gui\renderer\carRenderer.cpp">
      <Filter>Source Files</Filter>
    </ClCompile>
    <ClCompile Include="CarDesigner\src\gui\superGrid.cpp">
      <Filter>Source Files</Filter>
    </ClCompile>
    <ClCompile Include="CarDesigner\src\gui\dialogs\textInputDialog.cpp">
      <Filter>Source Files</Filter>
    </ClCompile>
    <ClCompile Include="CarDesigner\src\application\vvaseConstants.cpp">
      <Filter>Source Files</Filter>
    </ClCompile>
    <ClCompile Include="CarDesigner\src\gui\components\editPanel\guiCar\editSuspensionRatesPanel.cpp">
      <Filter>Source Files</Filter>
    </ClCompile>
    <ClCompile Include="CarDesigner\src\gui\dialogs\vectorEditDialog.cpp">
      <Filter>Source Files</Filter>
    </ClCompile>
  </ItemGroup>
</Project>